// !$*UTF8*$!
{
	archiveVersion = 1;
	classes = {
	};
	objectVersion = 55;
	objects = {

/* Begin PBXBuildFile section */
		11BE8CF32855ED270088F261 /* ContentView.swift in Sources */ = {isa = PBXBuildFile; fileRef = 11BE8CF22855ED270088F261 /* ContentView.swift */; };
		11BE8CF52855ED290088F261 /* Assets.xcassets in Resources */ = {isa = PBXBuildFile; fileRef = 11BE8CF42855ED290088F261 /* Assets.xcassets */; };
		11BE8CF82855ED290088F261 /* Preview Assets.xcassets in Resources */ = {isa = PBXBuildFile; fileRef = 11BE8CF72855ED290088F261 /* Preview Assets.xcassets */; };
		11BE8CFF2855F1850088F261 /* ExampleViewModel.swift in Sources */ = {isa = PBXBuildFile; fileRef = 11BE8CFE2855F1850088F261 /* ExampleViewModel.swift */; };
		11BE8D022855F2410088F261 /* WalletConnectSwift in Frameworks */ = {isa = PBXBuildFile; productRef = 11BE8D012855F2410088F261 /* WalletConnectSwift */; };
		11BE8D072855F2C30088F261 /* MainContainer.swift in Sources */ = {isa = PBXBuildFile; fileRef = 11BE8D062855F2C30088F261 /* MainContainer.swift */; };
		11BE8D092855F2D40088F261 /* Wallet.swift in Sources */ = {isa = PBXBuildFile; fileRef = 11BE8D082855F2D40088F261 /* Wallet.swift */; };
		11BE8D0D2856025D0088F261 /* WalletConnect.swift in Sources */ = {isa = PBXBuildFile; fileRef = 11BE8D0C2856025D0088F261 /* WalletConnect.swift */; };
		512DF21A66EF69797A2C9A7A /* Pods_RapOff.framework in Frameworks */ = {isa = PBXBuildFile; fileRef = 482BCDF55B184198E3BB2BA4 /* Pods_RapOff.framework */; };
		B7157C5C2A1BB06B009AA4EF /* WatchView.swift in Sources */ = {isa = PBXBuildFile; fileRef = B7157C5B2A1BB06B009AA4EF /* WatchView.swift */; };
		B7157C5F2A1BB077009AA4EF /* CustomTabBar.swift in Sources */ = {isa = PBXBuildFile; fileRef = B7157C5D2A1BB077009AA4EF /* CustomTabBar.swift */; };
		B7157C602A1BB077009AA4EF /* PersonView.swift in Sources */ = {isa = PBXBuildFile; fileRef = B7157C5E2A1BB077009AA4EF /* PersonView.swift */; };
		B7157C732A1BB680009AA4EF /* Molend-Regular.otf in Resources */ = {isa = PBXBuildFile; fileRef = B7157C712A1BB680009AA4EF /* Molend-Regular.otf */; };
		B71E08F02A1D1EBF00873051 /* test.swift in Sources */ = {isa = PBXBuildFile; fileRef = B71E08EF2A1D1EBF00873051 /* test.swift */; };
		B71E08F42A2001E100873051 /* ConnectView.swift in Sources */ = {isa = PBXBuildFile; fileRef = B71E08F32A2001E100873051 /* ConnectView.swift */; };
		B73181112A2CCC2900125BD4 /* saveddddd.swift in Sources */ = {isa = PBXBuildFile; fileRef = B73181102A2CCC2900125BD4 /* saveddddd.swift */; };
		B73181C72A2F4CA500125BD4 /* App.swift in Sources */ = {isa = PBXBuildFile; fileRef = B73181C62A2F4CA500125BD4 /* App.swift */; };
		B73181CD2A2FD74500125BD4 /* VoteModel.xcdatamodeld in Sources */ = {isa = PBXBuildFile; fileRef = B73181CB2A2FD74500125BD4 /* VoteModel.xcdatamodeld */; };
		B7F97ECA2A2B640600D93C1B /* Constants.swift in Sources */ = {isa = PBXBuildFile; fileRef = B7F97EC92A2B640600D93C1B /* Constants.swift */; };
		B7F97ECC2A2B773000D93C1B /* Encrypt.swift in Sources */ = {isa = PBXBuildFile; fileRef = B7F97ECB2A2B773000D93C1B /* Encrypt.swift */; };
		B7F97ECD2A2B965E00D93C1B /* MyContractABI.json in Resources */ = {isa = PBXBuildFile; fileRef = B7F97EC62A2A26E700D93C1B /* MyContractABI.json */; };
		B7F97ECF2A2C9B4300D93C1B /* ContractInteract.swift in Sources */ = {isa = PBXBuildFile; fileRef = B7F97ECE2A2C9B4300D93C1B /* ContractInteract.swift */; };
/* End PBXBuildFile section */

/* Begin PBXFileReference section */
		0FF67B78A61441DDD6191DE1 /* Pods-RapOff.release.xcconfig */ = {isa = PBXFileReference; includeInIndex = 1; lastKnownFileType = text.xcconfig; name = "Pods-RapOff.release.xcconfig"; path = "Target Support Files/Pods-RapOff/Pods-RapOff.release.xcconfig"; sourceTree = "<group>"; };
		11BE8CED2855ED270088F261 /* RapOff.app */ = {isa = PBXFileReference; explicitFileType = wrapper.application; includeInIndex = 0; path = RapOff.app; sourceTree = BUILT_PRODUCTS_DIR; };
		11BE8CF22855ED270088F261 /* ContentView.swift */ = {isa = PBXFileReference; lastKnownFileType = sourcecode.swift; path = ContentView.swift; sourceTree = "<group>"; };
		11BE8CF42855ED290088F261 /* Assets.xcassets */ = {isa = PBXFileReference; lastKnownFileType = folder.assetcatalog; path = Assets.xcassets; sourceTree = "<group>"; };
		11BE8CF72855ED290088F261 /* Preview Assets.xcassets */ = {isa = PBXFileReference; lastKnownFileType = folder.assetcatalog; path = "Preview Assets.xcassets"; sourceTree = "<group>"; };
		11BE8CFE2855F1850088F261 /* ExampleViewModel.swift */ = {isa = PBXFileReference; lastKnownFileType = sourcecode.swift; path = ExampleViewModel.swift; sourceTree = "<group>"; };
		11BE8D062855F2C30088F261 /* MainContainer.swift */ = {isa = PBXFileReference; lastKnownFileType = sourcecode.swift; path = MainContainer.swift; sourceTree = "<group>"; };
		11BE8D082855F2D40088F261 /* Wallet.swift */ = {isa = PBXFileReference; lastKnownFileType = sourcecode.swift; path = Wallet.swift; sourceTree = "<group>"; };
		11BE8D0C2856025D0088F261 /* WalletConnect.swift */ = {isa = PBXFileReference; lastKnownFileType = sourcecode.swift; path = WalletConnect.swift; sourceTree = "<group>"; };
		482BCDF55B184198E3BB2BA4 /* Pods_RapOff.framework */ = {isa = PBXFileReference; explicitFileType = wrapper.framework; includeInIndex = 0; path = Pods_RapOff.framework; sourceTree = BUILT_PRODUCTS_DIR; };
		7AD1704FF6C8E05BF2F53F0C /* Pods-RapOff.debug.xcconfig */ = {isa = PBXFileReference; includeInIndex = 1; lastKnownFileType = text.xcconfig; name = "Pods-RapOff.debug.xcconfig"; path = "Target Support Files/Pods-RapOff/Pods-RapOff.debug.xcconfig"; sourceTree = "<group>"; };
		B7157C5B2A1BB06B009AA4EF /* WatchView.swift */ = {isa = PBXFileReference; fileEncoding = 4; lastKnownFileType = sourcecode.swift; path = WatchView.swift; sourceTree = "<group>"; };
		B7157C5D2A1BB077009AA4EF /* CustomTabBar.swift */ = {isa = PBXFileReference; fileEncoding = 4; lastKnownFileType = sourcecode.swift; path = CustomTabBar.swift; sourceTree = "<group>"; };
		B7157C5E2A1BB077009AA4EF /* PersonView.swift */ = {isa = PBXFileReference; fileEncoding = 4; lastKnownFileType = sourcecode.swift; path = PersonView.swift; sourceTree = "<group>"; };
		B7157C712A1BB680009AA4EF /* Molend-Regular.otf */ = {isa = PBXFileReference; lastKnownFileType = file; path = "Molend-Regular.otf"; sourceTree = "<group>"; };
		B7157C742A1BB87F009AA4EF /* Info.plist */ = {isa = PBXFileReference; lastKnownFileType = text.plist; path = Info.plist; sourceTree = "<group>"; };
		B71E08EF2A1D1EBF00873051 /* test.swift */ = {isa = PBXFileReference; lastKnownFileType = sourcecode.swift; path = test.swift; sourceTree = "<group>"; };
		B71E08F32A2001E100873051 /* ConnectView.swift */ = {isa = PBXFileReference; lastKnownFileType = sourcecode.swift; path = ConnectView.swift; sourceTree = "<group>"; };
		B73181102A2CCC2900125BD4 /* saveddddd.swift */ = {isa = PBXFileReference; lastKnownFileType = sourcecode.swift; path = saveddddd.swift; sourceTree = "<group>"; };
		B73181C62A2F4CA500125BD4 /* App.swift */ = {isa = PBXFileReference; lastKnownFileType = sourcecode.swift; path = App.swift; sourceTree = "<group>"; };
		B73181CC2A2FD74500125BD4 /* VoteModel.xcdatamodel */ = {isa = PBXFileReference; lastKnownFileType = wrapper.xcdatamodel; path = VoteModel.xcdatamodel; sourceTree = "<group>"; };
		B7F97EBD2A2958BF00D93C1B /* Web3Core.framework */ = {isa = PBXFileReference; explicitFileType = wrapper.framework; path = Web3Core.framework; sourceTree = BUILT_PRODUCTS_DIR; };
		B7F97EBE2A2958BF00D93C1B /* web3swift.framework */ = {isa = PBXFileReference; explicitFileType = wrapper.framework; path = web3swift.framework; sourceTree = BUILT_PRODUCTS_DIR; };
		B7F97EC62A2A26E700D93C1B /* MyContractABI.json */ = {isa = PBXFileReference; explicitFileType = text.json; path = MyContractABI.json; sourceTree = "<group>"; };
		B7F97EC92A2B640600D93C1B /* Constants.swift */ = {isa = PBXFileReference; lastKnownFileType = sourcecode.swift; path = Constants.swift; sourceTree = "<group>"; };
		B7F97ECB2A2B773000D93C1B /* Encrypt.swift */ = {isa = PBXFileReference; lastKnownFileType = sourcecode.swift; path = Encrypt.swift; sourceTree = "<group>"; };
		B7F97ECE2A2C9B4300D93C1B /* ContractInteract.swift */ = {isa = PBXFileReference; lastKnownFileType = sourcecode.swift; path = ContractInteract.swift; sourceTree = "<group>"; };
/* End PBXFileReference section */

/* Begin PBXFrameworksBuildPhase section */
		11BE8CEA2855ED270088F261 /* Frameworks */ = {
			isa = PBXFrameworksBuildPhase;
			buildActionMask = 2147483647;
			files = (
				11BE8D022855F2410088F261 /* WalletConnectSwift in Frameworks */,
				512DF21A66EF69797A2C9A7A /* Pods_RapOff.framework in Frameworks */,
			);
			runOnlyForDeploymentPostprocessing = 0;
		};
/* End PBXFrameworksBuildPhase section */

/* Begin PBXGroup section */
		11BE8CE42855ED270088F261 = {
			isa = PBXGroup;
			children = (
				11BE8CEF2855ED270088F261 /* WalletConnectExample */,
				11BE8CEE2855ED270088F261 /* Products */,
				920B513D9E6518AB536E0051 /* Pods */,
				AEA8EA486F4B0DE003070682 /* Frameworks */,
			);
			sourceTree = "<group>";
		};
		11BE8CEE2855ED270088F261 /* Products */ = {
			isa = PBXGroup;
			children = (
				11BE8CED2855ED270088F261 /* RapOff.app */,
			);
			name = Products;
			sourceTree = "<group>";
		};
		11BE8CEF2855ED270088F261 /* WalletConnectExample */ = {
			isa = PBXGroup;
			children = (
				B7F97EC62A2A26E700D93C1B /* MyContractABI.json */,
				B7157C742A1BB87F009AA4EF /* Info.plist */,
				B7157C712A1BB680009AA4EF /* Molend-Regular.otf */,
				B73181CB2A2FD74500125BD4 /* VoteModel.xcdatamodeld */,
				B73181C62A2F4CA500125BD4 /* App.swift */,
				11BE8D052855F2A60088F261 /* View */,
				11BE8D042855F29B0088F261 /* Model */,
				11BE8D032855F2940088F261 /* ViewModel */,
				B7F97EC82A2B63F800D93C1B /* Constants */,
				11BE8CF42855ED290088F261 /* Assets.xcassets */,
				11BE8CF62855ED290088F261 /* Preview Content */,
			);
			path = WalletConnectExample;
			sourceTree = "<group>";
		};
		11BE8CF62855ED290088F261 /* Preview Content */ = {
			isa = PBXGroup;
			children = (
				11BE8CF72855ED290088F261 /* Preview Assets.xcassets */,
			);
			path = "Preview Content";
			sourceTree = "<group>";
		};
		11BE8D032855F2940088F261 /* ViewModel */ = {
			isa = PBXGroup;
			children = (
				11BE8CFE2855F1850088F261 /* ExampleViewModel.swift */,
				11BE8D0C2856025D0088F261 /* WalletConnect.swift */,
				B7F97ECB2A2B773000D93C1B /* Encrypt.swift */,
				B7F97ECE2A2C9B4300D93C1B /* ContractInteract.swift */,
				B73181102A2CCC2900125BD4 /* saveddddd.swift */,
			);
			path = ViewModel;
			sourceTree = "<group>";
		};
		11BE8D042855F29B0088F261 /* Model */ = {
			isa = PBXGroup;
			children = (
				11BE8D082855F2D40088F261 /* Wallet.swift */,
			);
			path = Model;
			sourceTree = "<group>";
		};
		11BE8D052855F2A60088F261 /* View */ = {
			isa = PBXGroup;
			children = (
				11BE8CF22855ED270088F261 /* ContentView.swift */,
				11BE8D062855F2C30088F261 /* MainContainer.swift */,
				B7157C5B2A1BB06B009AA4EF /* WatchView.swift */,
				B7157C5D2A1BB077009AA4EF /* CustomTabBar.swift */,
				B7157C5E2A1BB077009AA4EF /* PersonView.swift */,
				B71E08EF2A1D1EBF00873051 /* test.swift */,
				B71E08F32A2001E100873051 /* ConnectView.swift */,
			);
			path = View;
			sourceTree = "<group>";
		};
		920B513D9E6518AB536E0051 /* Pods */ = {
			isa = PBXGroup;
			children = (
				7AD1704FF6C8E05BF2F53F0C /* Pods-RapOff.debug.xcconfig */,
				0FF67B78A61441DDD6191DE1 /* Pods-RapOff.release.xcconfig */,
			);
			path = Pods;
			sourceTree = "<group>";
		};
		AEA8EA486F4B0DE003070682 /* Frameworks */ = {
			isa = PBXGroup;
			children = (
				B7F97EBD2A2958BF00D93C1B /* Web3Core.framework */,
				B7F97EBE2A2958BF00D93C1B /* web3swift.framework */,
				482BCDF55B184198E3BB2BA4 /* Pods_RapOff.framework */,
			);
			name = Frameworks;
			sourceTree = "<group>";
		};
		B7F97EC82A2B63F800D93C1B /* Constants */ = {
			isa = PBXGroup;
			children = (
				B7F97EC92A2B640600D93C1B /* Constants.swift */,
			);
			path = Constants;
			sourceTree = "<group>";
		};
/* End PBXGroup section */

/* Begin PBXNativeTarget section */
		11BE8CEC2855ED270088F261 /* RapOff */ = {
			isa = PBXNativeTarget;
			buildConfigurationList = 11BE8CFB2855ED290088F261 /* Build configuration list for PBXNativeTarget "RapOff" */;
			buildPhases = (
				E0CC5C3604C04200A0EDE310 /* [CP] Check Pods Manifest.lock */,
				11BE8CE92855ED270088F261 /* Sources */,
				11BE8CEA2855ED270088F261 /* Frameworks */,
				11BE8CEB2855ED270088F261 /* Resources */,
				3F3578B4EA697AD9F6209B3D /* [CP] Embed Pods Frameworks */,
			);
			buildRules = (
			);
			dependencies = (
			);
			name = RapOff;
			packageProductDependencies = (
				11BE8D012855F2410088F261 /* WalletConnectSwift */,
			);
			productName = WalletConnectExample;
			productReference = 11BE8CED2855ED270088F261 /* RapOff.app */;
			productType = "com.apple.product-type.application";
		};
/* End PBXNativeTarget section */

/* Begin PBXProject section */
		11BE8CE52855ED270088F261 /* Project object */ = {
			isa = PBXProject;
			attributes = {
				BuildIndependentTargetsInParallel = 1;
				LastSwiftUpdateCheck = 1330;
				LastUpgradeCheck = 1330;
				TargetAttributes = {
					11BE8CEC2855ED270088F261 = {
						CreatedOnToolsVersion = 13.3;
					};
				};
			};
			buildConfigurationList = 11BE8CE82855ED270088F261 /* Build configuration list for PBXProject "RapOff" */;
			compatibilityVersion = "Xcode 13.0";
			developmentRegion = en;
			hasScannedForEncodings = 0;
			knownRegions = (
				en,
				Base,
			);
			mainGroup = 11BE8CE42855ED270088F261;
			packageReferences = (
				11BE8D002855F2410088F261 /* XCRemoteSwiftPackageReference "WalletConnectSwift" */,
			);
			productRefGroup = 11BE8CEE2855ED270088F261 /* Products */;
			projectDirPath = "";
			projectRoot = "";
			targets = (
				11BE8CEC2855ED270088F261 /* RapOff */,
			);
		};
/* End PBXProject section */

/* Begin PBXResourcesBuildPhase section */
		11BE8CEB2855ED270088F261 /* Resources */ = {
			isa = PBXResourcesBuildPhase;
			buildActionMask = 2147483647;
			files = (
				11BE8CF82855ED290088F261 /* Preview Assets.xcassets in Resources */,
				11BE8CF52855ED290088F261 /* Assets.xcassets in Resources */,
				B7F97ECD2A2B965E00D93C1B /* MyContractABI.json in Resources */,
				B7157C732A1BB680009AA4EF /* Molend-Regular.otf in Resources */,
			);
			runOnlyForDeploymentPostprocessing = 0;
		};
/* End PBXResourcesBuildPhase section */

/* Begin PBXShellScriptBuildPhase section */
		3F3578B4EA697AD9F6209B3D /* [CP] Embed Pods Frameworks */ = {
			isa = PBXShellScriptBuildPhase;
			buildActionMask = 2147483647;
			files = (
			);
			inputFileListPaths = (
				"${PODS_ROOT}/Target Support Files/Pods-RapOff/Pods-RapOff-frameworks-${CONFIGURATION}-input-files.xcfilelist",
			);
			name = "[CP] Embed Pods Frameworks";
			outputFileListPaths = (
				"${PODS_ROOT}/Target Support Files/Pods-RapOff/Pods-RapOff-frameworks-${CONFIGURATION}-output-files.xcfilelist",
			);
			runOnlyForDeploymentPostprocessing = 0;
			shellPath = /bin/sh;
			shellScript = "\"${PODS_ROOT}/Target Support Files/Pods-RapOff/Pods-RapOff-frameworks.sh\"\n";
			showEnvVarsInLog = 0;
		};
		E0CC5C3604C04200A0EDE310 /* [CP] Check Pods Manifest.lock */ = {
			isa = PBXShellScriptBuildPhase;
			buildActionMask = 2147483647;
			files = (
			);
			inputFileListPaths = (
			);
			inputPaths = (
				"${PODS_PODFILE_DIR_PATH}/Podfile.lock",
				"${PODS_ROOT}/Manifest.lock",
			);
			name = "[CP] Check Pods Manifest.lock";
			outputFileListPaths = (
			);
			outputPaths = (
				"$(DERIVED_FILE_DIR)/Pods-RapOff-checkManifestLockResult.txt",
			);
			runOnlyForDeploymentPostprocessing = 0;
			shellPath = /bin/sh;
			shellScript = "diff \"${PODS_PODFILE_DIR_PATH}/Podfile.lock\" \"${PODS_ROOT}/Manifest.lock\" > /dev/null\nif [ $? != 0 ] ; then\n    # print error to STDERR\n    echo \"error: The sandbox is not in sync with the Podfile.lock. Run 'pod install' or update your CocoaPods installation.\" >&2\n    exit 1\nfi\n# This output is used by Xcode 'outputs' to avoid re-running this script phase.\necho \"SUCCESS\" > \"${SCRIPT_OUTPUT_FILE_0}\"\n";
			showEnvVarsInLog = 0;
		};
/* End PBXShellScriptBuildPhase section */

/* Begin PBXSourcesBuildPhase section */
		11BE8CE92855ED270088F261 /* Sources */ = {
			isa = PBXSourcesBuildPhase;
			buildActionMask = 2147483647;
			files = (
				B7157C602A1BB077009AA4EF /* PersonView.swift in Sources */,
				B7F97ECA2A2B640600D93C1B /* Constants.swift in Sources */,
				11BE8D092855F2D40088F261 /* Wallet.swift in Sources */,
				B73181C72A2F4CA500125BD4 /* App.swift in Sources */,
				11BE8CF32855ED270088F261 /* ContentView.swift in Sources */,
				B7F97ECC2A2B773000D93C1B /* Encrypt.swift in Sources */,
				B7F97ECF2A2C9B4300D93C1B /* ContractInteract.swift in Sources */,
				B71E08F42A2001E100873051 /* ConnectView.swift in Sources */,
				B71E08F02A1D1EBF00873051 /* test.swift in Sources */,
				11BE8CFF2855F1850088F261 /* ExampleViewModel.swift in Sources */,
				11BE8D0D2856025D0088F261 /* WalletConnect.swift in Sources */,
				B7157C5F2A1BB077009AA4EF /* CustomTabBar.swift in Sources */,
				11BE8D072855F2C30088F261 /* MainContainer.swift in Sources */,
				B73181CD2A2FD74500125BD4 /* VoteModel.xcdatamodeld in Sources */,
				B7157C5C2A1BB06B009AA4EF /* WatchView.swift in Sources */,
				B73181112A2CCC2900125BD4 /* saveddddd.swift in Sources */,
			);
			runOnlyForDeploymentPostprocessing = 0;
		};
/* End PBXSourcesBuildPhase section */

/* Begin XCBuildConfiguration section */
		11BE8CF92855ED290088F261 /* Debug */ = {
			isa = XCBuildConfiguration;
			buildSettings = {
				ALWAYS_SEARCH_USER_PATHS = NO;
				CLANG_ANALYZER_NONNULL = YES;
				CLANG_ANALYZER_NUMBER_OBJECT_CONVERSION = YES_AGGRESSIVE;
				CLANG_CXX_LANGUAGE_STANDARD = "gnu++17";
				CLANG_ENABLE_MODULES = YES;
				CLANG_ENABLE_OBJC_ARC = YES;
				CLANG_ENABLE_OBJC_WEAK = YES;
				CLANG_WARN_BLOCK_CAPTURE_AUTORELEASING = YES;
				CLANG_WARN_BOOL_CONVERSION = YES;
				CLANG_WARN_COMMA = YES;
				CLANG_WARN_CONSTANT_CONVERSION = YES;
				CLANG_WARN_DEPRECATED_OBJC_IMPLEMENTATIONS = YES;
				CLANG_WARN_DIRECT_OBJC_ISA_USAGE = YES_ERROR;
				CLANG_WARN_DOCUMENTATION_COMMENTS = YES;
				CLANG_WARN_EMPTY_BODY = YES;
				CLANG_WARN_ENUM_CONVERSION = YES;
				CLANG_WARN_INFINITE_RECURSION = YES;
				CLANG_WARN_INT_CONVERSION = YES;
				CLANG_WARN_NON_LITERAL_NULL_CONVERSION = YES;
				CLANG_WARN_OBJC_IMPLICIT_RETAIN_SELF = YES;
				CLANG_WARN_OBJC_LITERAL_CONVERSION = YES;
				CLANG_WARN_OBJC_ROOT_CLASS = YES_ERROR;
				CLANG_WARN_QUOTED_INCLUDE_IN_FRAMEWORK_HEADER = YES;
				CLANG_WARN_RANGE_LOOP_ANALYSIS = YES;
				CLANG_WARN_STRICT_PROTOTYPES = YES;
				CLANG_WARN_SUSPICIOUS_MOVE = YES;
				CLANG_WARN_UNGUARDED_AVAILABILITY = YES_AGGRESSIVE;
				CLANG_WARN_UNREACHABLE_CODE = YES;
				CLANG_WARN__DUPLICATE_METHOD_MATCH = YES;
				COPY_PHASE_STRIP = NO;
				DEBUG_INFORMATION_FORMAT = dwarf;
				ENABLE_STRICT_OBJC_MSGSEND = YES;
				ENABLE_TESTABILITY = YES;
				GCC_C_LANGUAGE_STANDARD = gnu11;
				GCC_DYNAMIC_NO_PIC = NO;
				GCC_NO_COMMON_BLOCKS = YES;
				GCC_OPTIMIZATION_LEVEL = 0;
				GCC_PREPROCESSOR_DEFINITIONS = (
					"DEBUG=1",
					"$(inherited)",
				);
				GCC_WARN_64_TO_32_BIT_CONVERSION = YES;
				GCC_WARN_ABOUT_RETURN_TYPE = YES_ERROR;
				GCC_WARN_UNDECLARED_SELECTOR = YES;
				GCC_WARN_UNINITIALIZED_AUTOS = YES_AGGRESSIVE;
				GCC_WARN_UNUSED_FUNCTION = YES;
				GCC_WARN_UNUSED_VARIABLE = YES;
				IPHONEOS_DEPLOYMENT_TARGET = 15.4;
				MTL_ENABLE_DEBUG_INFO = INCLUDE_SOURCE;
				MTL_FAST_MATH = YES;
				ONLY_ACTIVE_ARCH = YES;
				SDKROOT = iphoneos;
				SWIFT_ACTIVE_COMPILATION_CONDITIONS = DEBUG;
				SWIFT_OPTIMIZATION_LEVEL = "-Onone";
			};
			name = Debug;
		};
		11BE8CFA2855ED290088F261 /* Release */ = {
			isa = XCBuildConfiguration;
			buildSettings = {
				ALWAYS_SEARCH_USER_PATHS = NO;
				CLANG_ANALYZER_NONNULL = YES;
				CLANG_ANALYZER_NUMBER_OBJECT_CONVERSION = YES_AGGRESSIVE;
				CLANG_CXX_LANGUAGE_STANDARD = "gnu++17";
				CLANG_ENABLE_MODULES = YES;
				CLANG_ENABLE_OBJC_ARC = YES;
				CLANG_ENABLE_OBJC_WEAK = YES;
				CLANG_WARN_BLOCK_CAPTURE_AUTORELEASING = YES;
				CLANG_WARN_BOOL_CONVERSION = YES;
				CLANG_WARN_COMMA = YES;
				CLANG_WARN_CONSTANT_CONVERSION = YES;
				CLANG_WARN_DEPRECATED_OBJC_IMPLEMENTATIONS = YES;
				CLANG_WARN_DIRECT_OBJC_ISA_USAGE = YES_ERROR;
				CLANG_WARN_DOCUMENTATION_COMMENTS = YES;
				CLANG_WARN_EMPTY_BODY = YES;
				CLANG_WARN_ENUM_CONVERSION = YES;
				CLANG_WARN_INFINITE_RECURSION = YES;
				CLANG_WARN_INT_CONVERSION = YES;
				CLANG_WARN_NON_LITERAL_NULL_CONVERSION = YES;
				CLANG_WARN_OBJC_IMPLICIT_RETAIN_SELF = YES;
				CLANG_WARN_OBJC_LITERAL_CONVERSION = YES;
				CLANG_WARN_OBJC_ROOT_CLASS = YES_ERROR;
				CLANG_WARN_QUOTED_INCLUDE_IN_FRAMEWORK_HEADER = YES;
				CLANG_WARN_RANGE_LOOP_ANALYSIS = YES;
				CLANG_WARN_STRICT_PROTOTYPES = YES;
				CLANG_WARN_SUSPICIOUS_MOVE = YES;
				CLANG_WARN_UNGUARDED_AVAILABILITY = YES_AGGRESSIVE;
				CLANG_WARN_UNREACHABLE_CODE = YES;
				CLANG_WARN__DUPLICATE_METHOD_MATCH = YES;
				COPY_PHASE_STRIP = NO;
				DEBUG_INFORMATION_FORMAT = "dwarf-with-dsym";
				ENABLE_NS_ASSERTIONS = NO;
				ENABLE_STRICT_OBJC_MSGSEND = YES;
				GCC_C_LANGUAGE_STANDARD = gnu11;
				GCC_NO_COMMON_BLOCKS = YES;
				GCC_WARN_64_TO_32_BIT_CONVERSION = YES;
				GCC_WARN_ABOUT_RETURN_TYPE = YES_ERROR;
				GCC_WARN_UNDECLARED_SELECTOR = YES;
				GCC_WARN_UNINITIALIZED_AUTOS = YES_AGGRESSIVE;
				GCC_WARN_UNUSED_FUNCTION = YES;
				GCC_WARN_UNUSED_VARIABLE = YES;
				IPHONEOS_DEPLOYMENT_TARGET = 15.4;
				MTL_ENABLE_DEBUG_INFO = NO;
				MTL_FAST_MATH = YES;
				SDKROOT = iphoneos;
				SWIFT_COMPILATION_MODE = wholemodule;
				SWIFT_OPTIMIZATION_LEVEL = "-O";
				VALIDATE_PRODUCT = YES;
			};
			name = Release;
		};
		11BE8CFC2855ED290088F261 /* Debug */ = {
			isa = XCBuildConfiguration;
			baseConfigurationReference = 7AD1704FF6C8E05BF2F53F0C /* Pods-RapOff.debug.xcconfig */;
			buildSettings = {
				ASSETCATALOG_COMPILER_APPICON_NAME = AppIcon;
				ASSETCATALOG_COMPILER_GLOBAL_ACCENT_COLOR_NAME = AccentColor;
				CODE_SIGN_STYLE = Automatic;
				CURRENT_PROJECT_VERSION = 1;
				DEVELOPMENT_ASSET_PATHS = "\"WalletConnectExample/Preview Content\"";
				DEVELOPMENT_TEAM = SPTQ57U6AQ;
				ENABLE_PREVIEWS = YES;
				GENERATE_INFOPLIST_FILE = YES;
				INFOPLIST_FILE = WalletConnectExample/Info.plist;
				INFOPLIST_KEY_UIApplicationSceneManifest_Generation = YES;
				INFOPLIST_KEY_UIApplicationSupportsIndirectInputEvents = YES;
				INFOPLIST_KEY_UILaunchScreen_Generation = YES;
				INFOPLIST_KEY_UISupportedInterfaceOrientations_iPad = "UIInterfaceOrientationPortrait UIInterfaceOrientationPortraitUpsideDown UIInterfaceOrientationLandscapeLeft UIInterfaceOrientationLandscapeRight";
				INFOPLIST_KEY_UISupportedInterfaceOrientations_iPhone = "UIInterfaceOrientationPortrait UIInterfaceOrientationLandscapeLeft UIInterfaceOrientationLandscapeRight";
				LD_RUNPATH_SEARCH_PATHS = (
					"$(inherited)",
					"@executable_path/Frameworks",
				);
				MARKETING_VERSION = 1.0;
				PRODUCT_BUNDLE_IDENTIFIER = com.ahmedexanoke.WalletConnectExample;
				PRODUCT_NAME = "$(TARGET_NAME)";
				SWIFT_EMIT_LOC_STRINGS = YES;
				SWIFT_VERSION = 5.0;
				TARGETED_DEVICE_FAMILY = "1,2";
			};
			name = Debug;
		};
		11BE8CFD2855ED290088F261 /* Release */ = {
			isa = XCBuildConfiguration;
			baseConfigurationReference = 0FF67B78A61441DDD6191DE1 /* Pods-RapOff.release.xcconfig */;
			buildSettings = {
				ASSETCATALOG_COMPILER_APPICON_NAME = AppIcon;
				ASSETCATALOG_COMPILER_GLOBAL_ACCENT_COLOR_NAME = AccentColor;
				CODE_SIGN_STYLE = Automatic;
				CURRENT_PROJECT_VERSION = 1;
				DEVELOPMENT_ASSET_PATHS = "\"WalletConnectExample/Preview Content\"";
				DEVELOPMENT_TEAM = SPTQ57U6AQ;
				ENABLE_PREVIEWS = YES;
				GENERATE_INFOPLIST_FILE = YES;
				INFOPLIST_FILE = WalletConnectExample/Info.plist;
				INFOPLIST_KEY_UIApplicationSceneManifest_Generation = YES;
				INFOPLIST_KEY_UIApplicationSupportsIndirectInputEvents = YES;
				INFOPLIST_KEY_UILaunchScreen_Generation = YES;
				INFOPLIST_KEY_UISupportedInterfaceOrientations_iPad = "UIInterfaceOrientationPortrait UIInterfaceOrientationPortraitUpsideDown UIInterfaceOrientationLandscapeLeft UIInterfaceOrientationLandscapeRight";
				INFOPLIST_KEY_UISupportedInterfaceOrientations_iPhone = "UIInterfaceOrientationPortrait UIInterfaceOrientationLandscapeLeft UIInterfaceOrientationLandscapeRight";
				LD_RUNPATH_SEARCH_PATHS = (
					"$(inherited)",
					"@executable_path/Frameworks",
				);
				MARKETING_VERSION = 1.0;
				PRODUCT_BUNDLE_IDENTIFIER = com.ahmedexanoke.WalletConnectExample;
				PRODUCT_NAME = "$(TARGET_NAME)";
				SWIFT_EMIT_LOC_STRINGS = YES;
				SWIFT_VERSION = 5.0;
				TARGETED_DEVICE_FAMILY = "1,2";
			};
			name = Release;
		};
/* End XCBuildConfiguration section */

/* Begin XCConfigurationList section */
		11BE8CE82855ED270088F261 /* Build configuration list for PBXProject "RapOff" */ = {
			isa = XCConfigurationList;
			buildConfigurations = (
				11BE8CF92855ED290088F261 /* Debug */,
				11BE8CFA2855ED290088F261 /* Release */,
			);
			defaultConfigurationIsVisible = 0;
			defaultConfigurationName = Release;
		};
		11BE8CFB2855ED290088F261 /* Build configuration list for PBXNativeTarget "RapOff" */ = {
			isa = XCConfigurationList;
			buildConfigurations = (
				11BE8CFC2855ED290088F261 /* Debug */,
				11BE8CFD2855ED290088F261 /* Release */,
			);
			defaultConfigurationIsVisible = 0;
			defaultConfigurationName = Release;
		};
/* End XCConfigurationList section */

/* Begin XCRemoteSwiftPackageReference section */
		11BE8D002855F2410088F261 /* XCRemoteSwiftPackageReference "WalletConnectSwift" */ = {
			isa = XCRemoteSwiftPackageReference;
			repositoryURL = "https://github.com/penachett/WalletConnectSwift";
			requirement = {
				branch = master;
				kind = branch;
			};
		};
/* End XCRemoteSwiftPackageReference section */

/* Begin XCSwiftPackageProductDependency section */
		11BE8D012855F2410088F261 /* WalletConnectSwift */ = {
			isa = XCSwiftPackageProductDependency;
			package = 11BE8D002855F2410088F261 /* XCRemoteSwiftPackageReference "WalletConnectSwift" */;
			productName = WalletConnectSwift;
		};
/* End XCSwiftPackageProductDependency section */

/* Begin XCVersionGroup section */
		B73181CB2A2FD74500125BD4 /* VoteModel.xcdatamodeld */ = {
			isa = XCVersionGroup;
			children = (
				B73181CC2A2FD74500125BD4 /* VoteModel.xcdatamodel */,
			);
			currentVersion = B73181CC2A2FD74500125BD4 /* VoteModel.xcdatamodel */;
			path = VoteModel.xcdatamodeld;
			sourceTree = "<group>";
			versionGroupType = wrapper.xcdatamodel;
		};
/* End XCVersionGroup section */
	};
	rootObject = 11BE8CE52855ED270088F261 /* Project object */;
}
